
Microsoft Visual Studio Solution File, Format Version 12.00
# Visual Studio Version 16
VisualStudioVersion = 16.0.32228.343
MinimumVisualStudioVersion = 10.0.40219.1
Project("{9A19103F-16F7-4668-BE54-9A1E7A4F7556}") = "StringCalculator.Core", "StringCalculator.Core\StringCalculator.Core.csproj", "{711E7C61-3FA6-40CA-BA04-6CAF00EB24C1}"
EndProject
Project("{9A19103F-16F7-4668-BE54-9A1E7A4F7556}") = "StringCalculator.Tests", "StringCalculator.Tests\StringCalculator.Tests.csproj", "{DC493391-1B48-4F14-8276-41C7A916047A}"
EndProject
Global
	GlobalSection(SolutionConfigurationPlatforms) = preSolution
		Debug|Any CPU = Debug|Any CPU
		Release|Any CPU = Release|Any CPU
	EndGlobalSection
	GlobalSection(ProjectConfigurationPlatforms) = postSolution
		{711E7C61-3FA6-40CA-BA04-6CAF00EB24C1}.Debug|Any CPU.ActiveCfg = Debug|Any CPU
		{711E7C61-3FA6-40CA-BA04-6CAF00EB24C1}.Debug|Any CPU.Build.0 = Debug|Any CPU
		{711E7C61-3FA6-40CA-BA04-6CAF00EB24C1}.Release|Any CPU.ActiveCfg = Release|Any CPU
		{711E7C61-3FA6-40CA-BA04-6CAF00EB24C1}.Release|Any CPU.Build.0 = Release|Any CPU
		{DC493391-1B48-4F14-8276-41C7A916047A}.Debug|Any CPU.ActiveCfg = Debug|Any CPU
		{DC493391-1B48-4F14-8276-41C7A916047A}.Debug|Any CPU.Build.0 = Debug|Any CPU
		{DC493391-1B48-4F14-8276-41C7A916047A}.Release|Any CPU.ActiveCfg = Release|Any CPU
		{DC493391-1B48-4F14-8276-41C7A916047A}.Release|Any CPU.Build.0 = Release|Any CPU
	EndGlobalSection
	GlobalSection(SolutionProperties) = preSolution
		HideSolutionNode = FALSE
	EndGlobalSection
	GlobalSection(ExtensibilityGlobals) = postSolution
		SolutionGuid = {C863A679-BAA1-4D86-8E20-D1BEB0E60873}
	EndGlobalSection
EndGlobal
